<?xml version="1.0" encoding="utf-8"?>
<Project ToolsVersion="4.0" xmlns="http://schemas.microsoft.com/developer/msbuild/2003">
  <ItemGroup>
    <Filter Include="Source Files">
      <UniqueIdentifier>{4FC737F1-C7A5-4376-A066-2A32D752A2FF}</UniqueIdentifier>
      <Extensions>cpp;c;cc;cxx;c++;cppm;ixx;def;odl;idl;hpj;bat;asm;asmx</Extensions>
    </Filter>
    <Filter Include="Header Files">
      <UniqueIdentifier>{93995380-89BD-4b04-88EB-625FBE52EBFB}</UniqueIdentifier>
      <Extensions>h;hh;hpp;hxx;h++;hm;inl;inc;ipp;xsd</Extensions>
    </Filter>
    <Filter Include="Resource Files">
      <UniqueIdentifier>{67DA6AB6-F800-4c08-8B7A-83BB121AAD01}</UniqueIdentifier>
      <Extensions>rc;ico;cur;bmp;dlg;rc2;rct;bin;rgs;gif;jpg;jpeg;jpe;resx;tiff;tif;png;wav;mfcribbon-ms</Extensions>
    </Filter>
    <Filter Include="Source Files\arrays">
      <UniqueIdentifier>{e6315555-ee19-49a3-9aad-68f164d3558b}</UniqueIdentifier>
    </Filter>
    <Filter Include="Header Files\arrays">
      <UniqueIdentifier>{b386e1bc-53c8-41a3-a28a-bbe8aa66bed6}</UniqueIdentifier>
    </Filter>
    <Filter Include="Source Files\linked_lists">
      <UniqueIdentifier>{33637858-2736-46d9-bdd7-4b2fb987855e}</UniqueIdentifier>
    </Filter>
    <Filter Include="Header Files\linked_lists">
      <UniqueIdentifier>{6dab4301-667c-4a2c-ac9f-f176e34c3c0d}</UniqueIdentifier>
    </Filter>
    <Filter Include="Source Files\staque">
      <UniqueIdentifier>{e9087fdc-adcc-4cbc-a1ca-ee5bec744020}</UniqueIdentifier>
    </Filter>
    <Filter Include="Header Files\staque">
      <UniqueIdentifier>{b711bcf2-63d3-4e35-b86c-a3e9b205ade7}</UniqueIdentifier>
    </Filter>
    <Filter Include="Source Files\graphs">
      <UniqueIdentifier>{9ec72b07-cccf-4aa8-a20f-92ee4757857d}</UniqueIdentifier>
    </Filter>
  </ItemGroup>
  <ItemGroup>
    <ClCompile Include="CTCIRunner.cpp">
      <Filter>Source Files</Filter>
    </ClCompile>
    <ClCompile Include="IsUniqueString.cpp">
      <Filter>Source Files\arrays</Filter>
    </ClCompile>
    <ClCompile Include="SingleLL.cpp">
      <Filter>Source Files\linked_lists</Filter>
    </ClCompile>
    <ClCompile Include="LL_Rem_Dup.cpp">
      <Filter>Source Files\linked_lists</Filter>
    </ClCompile>
    <ClCompile Include="minstack.cpp">
      <Filter>Source Files\staque</Filter>
    </ClCompile>
    <ClCompile Include="GNode.cpp">
      <Filter>Source Files\graphs</Filter>
    </ClCompile>
    <ClCompile Include="BinarySearchTree.cpp">
      <Filter>Source Files\graphs</Filter>
    </ClCompile>
  </ItemGroup>
  <ItemGroup>
    <ClInclude Include="IsUniqueString.h">
      <Filter>Header Files\arrays</Filter>
    </ClInclude>
    <ClInclude Include="LL_Rem_Dup.h">
      <Filter>Header Files\linked_lists</Filter>
    </ClInclude>
  </ItemGroup>
</Project>